
Microsoft Visual Studio Solution File, Format Version 12.00
# Visual Studio 15
VisualStudioVersion = 15.0.27703.2035
MinimumVisualStudioVersion = 10.0.40219.1
Project("{FAE04EC0-301F-11D3-BF4B-00C04F79EFBC}") = "OpenWeatherAppAzureFunction", "OpenWeatherAppAzureFunction\OpenWeatherAppAzureFunction.csproj", "{89630ED5-2E9A-4F41-B02E-A1E1F5236D26}"
EndProject
Global
	GlobalSection(SolutionConfigurationPlatforms) = preSolution
		Debug|Any CPU = Debug|Any CPU
		Release|Any CPU = Release|Any CPU
	EndGlobalSection
	GlobalSection(ProjectConfigurationPlatforms) = postSolution
		{89630ED5-2E9A-4F41-B02E-A1E1F5236D26}.Debug|Any CPU.ActiveCfg = Debug|Any CPU
		{89630ED5-2E9A-4F41-B02E-A1E1F5236D26}.Debug|Any CPU.Build.0 = Debug|Any CPU
		{89630ED5-2E9A-4F41-B02E-A1E1F5236D26}.Release|Any CPU.ActiveCfg = Release|Any CPU
		{89630ED5-2E9A-4F41-B02E-A1E1F5236D26}.Release|Any CPU.Build.0 = Release|Any CPU
	EndGlobalSection
	GlobalSection(SolutionProperties) = preSolution
		HideSolutionNode = FALSE
	EndGlobalSection
	GlobalSection(ExtensibilityGlobals) = postSolution
		SolutionGuid = {0CACD177-7FCD-423B-994B-FCC70971F220}
	EndGlobalSection
EndGlobal
